
Microsoft Visual Studio Solution File, Format Version 12.00
# Visual Studio 15
VisualStudioVersion = 15.0.27703.2000
MinimumVisualStudioVersion = 10.0.40219.1
Project("{FAE04EC0-301F-11D3-BF4B-00C04F79EFBC}") = "TesteIdentityServer.IdentityServer", "TesteIdentityServer.IdentityServer\TesteIdentityServer.IdentityServer.csproj", "{351EBD04-6AE2-452E-8622-6180D16F7D65}"
EndProject
Project("{FAE04EC0-301F-11D3-BF4B-00C04F79EFBC}") = "TesteIdentityServer.UI", "TesteIdentityServer.UI\TesteIdentityServer.UI.csproj", "{E1419600-7740-4477-B3AA-9D3CF59034DE}"
EndProject
Project("{FAE04EC0-301F-11D3-BF4B-00C04F79EFBC}") = "TesteIdentityServer.WebApi", "TesteIdentityServer.Api\TesteIdentityServer.WebApi.csproj", "{3489E533-40A9-48B2-B479-613D23CA1464}"
EndProject
Global
	GlobalSection(SolutionConfigurationPlatforms) = preSolution
		Debug|Any CPU = Debug|Any CPU
		Release|Any CPU = Release|Any CPU
	EndGlobalSection
	GlobalSection(ProjectConfigurationPlatforms) = postSolution
		{351EBD04-6AE2-452E-8622-6180D16F7D65}.Debug|Any CPU.ActiveCfg = Debug|Any CPU
		{351EBD04-6AE2-452E-8622-6180D16F7D65}.Debug|Any CPU.Build.0 = Debug|Any CPU
		{351EBD04-6AE2-452E-8622-6180D16F7D65}.Release|Any CPU.ActiveCfg = Release|Any CPU
		{351EBD04-6AE2-452E-8622-6180D16F7D65}.Release|Any CPU.Build.0 = Release|Any CPU
		{E1419600-7740-4477-B3AA-9D3CF59034DE}.Debug|Any CPU.ActiveCfg = Debug|Any CPU
		{E1419600-7740-4477-B3AA-9D3CF59034DE}.Debug|Any CPU.Build.0 = Debug|Any CPU
		{E1419600-7740-4477-B3AA-9D3CF59034DE}.Release|Any CPU.ActiveCfg = Release|Any CPU
		{E1419600-7740-4477-B3AA-9D3CF59034DE}.Release|Any CPU.Build.0 = Release|Any CPU
		{3489E533-40A9-48B2-B479-613D23CA1464}.Debug|Any CPU.ActiveCfg = Debug|Any CPU
		{3489E533-40A9-48B2-B479-613D23CA1464}.Debug|Any CPU.Build.0 = Debug|Any CPU
		{3489E533-40A9-48B2-B479-613D23CA1464}.Release|Any CPU.ActiveCfg = Release|Any CPU
		{3489E533-40A9-48B2-B479-613D23CA1464}.Release|Any CPU.Build.0 = Release|Any CPU
	EndGlobalSection
	GlobalSection(SolutionProperties) = preSolution
		HideSolutionNode = FALSE
	EndGlobalSection
	GlobalSection(ExtensibilityGlobals) = postSolution
		SolutionGuid = {1A557CCE-9185-4E29-A157-E25CFD7A143D}
	EndGlobalSection
EndGlobal
